
Microsoft Visual Studio Solution File, Format Version 12.00
# Visual Studio Version 16
VisualStudioVersion = 16.0.30011.22
MinimumVisualStudioVersion = 10.0.40219.1
Project("{9A19103F-16F7-4668-BE54-9A1E7A4F7556}") = "SRTPluginUIJSON", "SRTPluginUIJSON\SRTPluginUIJSON.csproj", "{A7A67B6E-C64A-43DE-9D03-AC3F6F5251FD}"
EndProject
Project("{9A19103F-16F7-4668-BE54-9A1E7A4F7556}") = "SRTPluginBase", "..\SRTHost\SRTPluginBase\SRTPluginBase.csproj", "{59E7239F-3F13-429A-A09B-863253D98EF0}"
EndProject
Global
	GlobalSection(SolutionConfigurationPlatforms) = preSolution
		Debug|x64 = Debug|x64
		Release|x64 = Release|x64
	EndGlobalSection
	GlobalSection(ProjectConfigurationPlatforms) = postSolution
		{A7A67B6E-C64A-43DE-9D03-AC3F6F5251FD}.Debug|x64.ActiveCfg = Debug|x64
		{A7A67B6E-C64A-43DE-9D03-AC3F6F5251FD}.Debug|x64.Build.0 = Debug|x64
		{A7A67B6E-C64A-43DE-9D03-AC3F6F5251FD}.Release|x64.ActiveCfg = Release|x64
		{A7A67B6E-C64A-43DE-9D03-AC3F6F5251FD}.Release|x64.Build.0 = Release|x64
		{59E7239F-3F13-429A-A09B-863253D98EF0}.Debug|x64.ActiveCfg = Debug|x64
		{59E7239F-3F13-429A-A09B-863253D98EF0}.Debug|x64.Build.0 = Debug|x64
		{59E7239F-3F13-429A-A09B-863253D98EF0}.Release|x64.ActiveCfg = Release|x64
		{59E7239F-3F13-429A-A09B-863253D98EF0}.Release|x64.Build.0 = Release|x64
	EndGlobalSection
	GlobalSection(SolutionProperties) = preSolution
		HideSolutionNode = FALSE
	EndGlobalSection
	GlobalSection(ExtensibilityGlobals) = postSolution
		SolutionGuid = {FEF3FCC3-1025-4040-810D-3AABE8952EE3}
	EndGlobalSection
EndGlobal
